// !$*UTF8*$!
{
	archiveVersion = 1;
	classes = {
	};
	objectVersion = 46;
	objects = {

/* Begin PBXBuildFile section */
		84D093411C133335000D8102 /* AppDelegate.swift in Sources */ = {isa = PBXBuildFile; fileRef = 84D093401C133335000D8102 /* AppDelegate.swift */; };
		84D093431C133335000D8102 /* ViewController.swift in Sources */ = {isa = PBXBuildFile; fileRef = 84D093421C133335000D8102 /* ViewController.swift */; };
		84D093461C133335000D8102 /* Main.storyboard in Resources */ = {isa = PBXBuildFile; fileRef = 84D093441C133335000D8102 /* Main.storyboard */; };
		84D093481C133335000D8102 /* Assets.xcassets in Resources */ = {isa = PBXBuildFile; fileRef = 84D093471C133335000D8102 /* Assets.xcassets */; };
		84D0934B1C133335000D8102 /* LaunchScreen.storyboard in Resources */ = {isa = PBXBuildFile; fileRef = 84D093491C133335000D8102 /* LaunchScreen.storyboard */; };
		84D093531C1333A9000D8102 /* RadiusImageView.swift in Sources */ = {isa = PBXBuildFile; fileRef = 84D093521C1333A9000D8102 /* RadiusImageView.swift */; };
		84D093551C133693000D8102 /* img.jpg in Resources */ = {isa = PBXBuildFile; fileRef = 84D093541C133693000D8102 /* img.jpg */; };
/* End PBXBuildFile section */

/* Begin PBXFileReference section */
		84D0933D1C133335000D8102 /* RealtimeRendering.app */ = {isa = PBXFileReference; explicitFileType = wrapper.application; includeInIndex = 0; path = RealtimeRendering.app; sourceTree = BUILT_PRODUCTS_DIR; };
		84D093401C133335000D8102 /* AppDelegate.swift */ = {isa = PBXFileReference; lastKnownFileType = sourcecode.swift; path = AppDelegate.swift; sourceTree = "<group>"; };
		84D093421C133335000D8102 /* ViewController.swift */ = {isa = PBXFileReference; lastKnownFileType = sourcecode.swift; path = ViewController.swift; sourceTree = "<group>"; };
		84D093451C133335000D8102 /* Base */ = {isa = PBXFileReference; lastKnownFileType = file.storyboard; name = Base; path = Base.lproj/Main.storyboard; sourceTree = "<group>"; };
		84D093471C133335000D8102 /* Assets.xcassets */ = {isa = PBXFileReference; lastKnownFileType = folder.assetcatalog; path = Assets.xcassets; sourceTree = "<group>"; };
		84D0934A1C133335000D8102 /* Base */ = {isa = PBXFileReference; lastKnownFileType = file.storyboard; name = Base; path = Base.lproj/LaunchScreen.storyboard; sourceTree = "<group>"; };
		84D0934C1C133335000D8102 /* Info.plist */ = {isa = PBXFileReference; lastKnownFileType = text.plist.xml; path = Info.plist; sourceTree = "<group>"; };
		84D093521C1333A9000D8102 /* RadiusImageView.swift */ = {isa = PBXFileReference; fileEncoding = 4; lastKnownFileType = sourcecode.swift; path = RadiusImageView.swift; sourceTree = "<group>"; };
		84D093541C133693000D8102 /* img.jpg */ = {isa = PBXFileReference; lastKnownFileType = image.jpeg; path = img.jpg; sourceTree = "<group>"; };
/* End PBXFileReference section */

/* Begin PBXFrameworksBuildPhase section */
		84D0933A1C133335000D8102 /* Frameworks */ = {
			isa = PBXFrameworksBuildPhase;
			buildActionMask = 2147483647;
			files = (
			);
			runOnlyForDeploymentPostprocessing = 0;
		};
/* End PBXFrameworksBuildPhase section */

/* Begin PBXGroup section */
		84D093341C133335000D8102 = {
			isa = PBXGroup;
			children = (
				84D0933F1C133335000D8102 /* RealtimeRendering */,
				84D0933E1C133335000D8102 /* Products */,
			);
			sourceTree = "<group>";
		};
		84D0933E1C133335000D8102 /* Products */ = {
			isa = PBXGroup;
			children = (
				84D0933D1C133335000D8102 /* RealtimeRendering.app */,
			);
			name = Products;
			sourceTree = "<group>";
		};
		84D0933F1C133335000D8102 /* RealtimeRendering */ = {
			isa = PBXGroup;
			children = (
				84D093541C133693000D8102 /* img.jpg */,
				84D093401C133335000D8102 /* AppDelegate.swift */,
				84D093421C133335000D8102 /* ViewController.swift */,
				84D093521C1333A9000D8102 /* RadiusImageView.swift */,
				84D093441C133335000D8102 /* Main.storyboard */,
				84D093471C133335000D8102 /* Assets.xcassets */,
				84D093491C133335000D8102 /* LaunchScreen.storyboard */,
				84D0934C1C133335000D8102 /* Info.plist */,
			);
			path = RealtimeRendering;
			sourceTree = "<group>";
		};
/* End PBXGroup section */

/* Begin PBXNativeTarget section */
		84D0933C1C133335000D8102 /* RealtimeRendering */ = {
			isa = PBXNativeTarget;
			buildConfigurationList = 84D0934F1C133335000D8102 /* Build configuration list for PBXNativeTarget "RealtimeRendering" */;
			buildPhases = (
				84D093391C133335000D8102 /* Sources */,
				84D0933A1C133335000D8102 /* Frameworks */,
				84D0933B1C133335000D8102 /* Resources */,
			);
			buildRules = (
			);
			dependencies = (
			);
			name = RealtimeRendering;
			productName = RealtimeRendering;
			productReference = 84D0933D1C133335000D8102 /* RealtimeRendering.app */;
			productType = "com.apple.product-type.application";
		};
/* End PBXNativeTarget section */

/* Begin PBXProject section */
		84D093351C133335000D8102 /* Project object */ = {
			isa = PBXProject;
			attributes = {
				LastSwiftUpdateCheck = 0710;
				LastUpgradeCheck = 0710;
				ORGANIZATIONNAME = "刘隆昌";
				TargetAttributes = {
					84D0933C1C133335000D8102 = {
						CreatedOnToolsVersion = 7.1.1;
						DevelopmentTeam = LK3B9YCV28;
					};
				};
			};
			buildConfigurationList = 84D093381C133335000D8102 /* Build configuration list for PBXProject "RealtimeRendering" */;
			compatibilityVersion = "Xcode 3.2";
			developmentRegion = English;
			hasScannedForEncodings = 0;
			knownRegions = (
				en,
				Base,
			);
			mainGroup = 84D093341C133335000D8102;
			productRefGroup = 84D0933E1C133335000D8102 /* Products */;
			projectDirPath = "";
			projectRoot = "";
			targets = (
				84D0933C1C133335000D8102 /* RealtimeRendering */,
			);
		};
/* End PBXProject section */

/* Begin PBXResourcesBuildPhase section */
		84D0933B1C133335000D8102 /* Resources */ = {
			isa = PBXResourcesBuildPhase;
			buildActionMask = 2147483647;
			files = (
				84D0934B1C133335000D8102 /* LaunchScreen.storyboard in Resources */,
				84D093481C133335000D8102 /* Assets.xcassets in Resources */,
				84D093461C133335000D8102 /* Main.storyboard in Resources */,
				84D093551C133693000D8102 /* img.jpg in Resources */,
			);
			runOnlyForDeploymentPostprocessing = 0;
		};
/* End PBXResourcesBuildPhase section */

/* Begin PBXSourcesBuildPhase section */
		84D093391C133335000D8102 /* Sources */ = {
			isa = PBXSourcesBuildPhase;
			buildActionMask = 2147483647;
			files = (
				84D093531C1333A9000D8102 /* RadiusImageView.swift in Sources */,
				84D093431C133335000D8102 /* ViewController.swift in Sources */,
				84D093411C133335000D8102 /* AppDelegate.swift in Sources */,
			);
			runOnlyForDeploymentPostprocessing = 0;
		};
/* End PBXSourcesBuildPhase section */

/* Begin PBXVariantGroup section */
		84D093441C133335000D8102 /* Main.storyboard */ = {
			isa = PBXVariantGroup;
			children = (
				84D093451C133335000D8102 /* Base */,
			);
			name = Main.storyboard;
			sourceTree = "<group>";
		};
		84D093491C133335000D8102 /* LaunchScreen.storyboard */ = {
			isa = PBXVariantGroup;
			children = (
				84D0934A1C133335000D8102 /* Base */,
			);
			name = LaunchScreen.storyboard;
			sourceTree = "<group>";
		};
/* End PBXVariantGroup section */

/* Begin XCBuildConfiguration section */
		84D0934D1C133335000D8102 /* Debug */ = {
			isa = XCBuildConfiguration;
			buildSettings = {
				ALWAYS_SEARCH_USER_PATHS = NO;
				CLANG_CXX_LANGUAGE_STANDARD = "gnu++0x";
				CLANG_CXX_LIBRARY = "libc++";
				CLANG_ENABLE_MODULES = YES;
				CLANG_ENABLE_OBJC_ARC = YES;
				CLANG_WARN_BOOL_CONVERSION = YES;
				CLANG_WARN_CONSTANT_CONVERSION = YES;
				CLANG_WARN_DIRECT_OBJC_ISA_USAGE = YES_ERROR;
				CLANG_WARN_EMPTY_BODY = YES;
				CLANG_WARN_ENUM_CONVERSION = YES;
				CLANG_WARN_INT_CONVERSION = YES;
				CLANG_WARN_OBJC_ROOT_CLASS = YES_ERROR;
				CLANG_WARN_UNREACHABLE_CODE = YES;
				CLANG_WARN__DUPLICATE_METHOD_MATCH = YES;
				"CODE_SIGN_IDENTITY[sdk=iphoneos*]" = "iPhone Developer";
				COPY_PHASE_STRIP = NO;
				DEBUG_INFORMATION_FORMAT = dwarf;
				ENABLE_STRICT_OBJC_MSGSEND = YES;
				ENABLE_TESTABILITY = YES;
				GCC_C_LANGUAGE_STANDARD = gnu99;
				GCC_DYNAMIC_NO_PIC = NO;
				GCC_NO_COMMON_BLOCKS = YES;
				GCC_OPTIMIZATION_LEVEL = 0;
				GCC_PREPROCESSOR_DEFINITIONS = (
					"DEBUG=1",
					"$(inherited)",
				);
				GCC_WARN_64_TO_32_BIT_CONVERSION = YES;
				GCC_WARN_ABOUT_RETURN_TYPE = YES_ERROR;
				GCC_WARN_UNDECLARED_SELECTOR = YES;
				GCC_WARN_UNINITIALIZED_AUTOS = YES_AGGRESSIVE;
				GCC_WARN_UNUSED_FUNCTION = YES;
				GCC_WARN_UNUSED_VARIABLE = YES;
				IPHONEOS_DEPLOYMENT_TARGET = 9.1;
				MTL_ENABLE_DEBUG_INFO = YES;
				ONLY_ACTIVE_ARCH = YES;
				SDKROOT = iphoneos;
				SWIFT_OPTIMIZATION_LEVEL = "-Onone";
			};
			name = Debug;
		};
		84D0934E1C133335000D8102 /* Release */ = {
			isa = XCBuildConfiguration;
			buildSettings = {
				ALWAYS_SEARCH_USER_PATHS = NO;
				CLANG_CXX_LANGUAGE_STANDARD = "gnu++0x";
				CLANG_CXX_LIBRARY = "libc++";
				CLANG_ENABLE_MODULES = YES;
				CLANG_ENABLE_OBJC_ARC = YES;
				CLANG_WARN_BOOL_CONVERSION = YES;
				CLANG_WARN_CONSTANT_CONVERSION = YES;
				CLANG_WARN_DIRECT_OBJC_ISA_USAGE = YES_ERROR;
				CLANG_WARN_EMPTY_BODY = YES;
				CLANG_WARN_ENUM_CONVERSION = YES;
				CLANG_WARN_INT_CONVERSION = YES;
				CLANG_WARN_OBJC_ROOT_CLASS = YES_ERROR;
				CLANG_WARN_UNREACHABLE_CODE = YES;
				CLANG_WARN__DUPLICATE_METHOD_MATCH = YES;
				"CODE_SIGN_IDENTITY[sdk=iphoneos*]" = "iPhone Developer";
				COPY_PHASE_STRIP = NO;
				DEBUG_INFORMATION_FORMAT = "dwarf-with-dsym";
				ENABLE_NS_ASSERTIONS = NO;
				ENABLE_STRICT_OBJC_MSGSEND = YES;
				GCC_C_LANGUAGE_STANDARD = gnu99;
				GCC_NO_COMMON_BLOCKS = YES;
				GCC_WARN_64_TO_32_BIT_CONVERSION = YES;
				GCC_WARN_ABOUT_RETURN_TYPE = YES_ERROR;
				GCC_WARN_UNDECLARED_SELECTOR = YES;
				GCC_WARN_UNINITIALIZED_AUTOS = YES_AGGRESSIVE;
				GCC_WARN_UNUSED_FUNCTION = YES;
				GCC_WARN_UNUSED_VARIABLE = YES;
				IPHONEOS_DEPLOYMENT_TARGET = 9.1;
				MTL_ENABLE_DEBUG_INFO = NO;
				SDKROOT = iphoneos;
				VALIDATE_PRODUCT = YES;
			};
			name = Release;
		};
		84D093501C133335000D8102 /* Debug */ = {
			isa = XCBuildConfiguration;
			buildSettings = {
				ASSETCATALOG_COMPILER_APPICON_NAME = AppIcon;
				INFOPLIST_FILE = RealtimeRendering/Info.plist;
				LD_RUNPATH_SEARCH_PATHS = "$(inherited) @executable_path/Frameworks";
				PRODUCT_BUNDLE_IDENTIFIER = Id.RealtimeRendering;
				PRODUCT_NAME = "$(TARGET_NAME)";
			};
			name = Debug;
		};
		84D093511C133335000D8102 /* Release */ = {
			isa = XCBuildConfiguration;
			buildSettings = {
				ASSETCATALOG_COMPILER_APPICON_NAME = AppIcon;
				INFOPLIST_FILE = RealtimeRendering/Info.plist;
				LD_RUNPATH_SEARCH_PATHS = "$(inherited) @executable_path/Frameworks";
				PRODUCT_BUNDLE_IDENTIFIER = Id.RealtimeRendering;
				PRODUCT_NAME = "$(TARGET_NAME)";
			};
			name = Release;
		};
/* End XCBuildConfiguration section */

/* Begin XCConfigurationList section */
		84D093381C133335000D8102 /* Build configuration list for PBXProject "RealtimeRendering" */ = {
			isa = XCConfigurationList;
			buildConfigurations = (
				84D0934D1C133335000D8102 /* Debug */,
				84D0934E1C133335000D8102 /* Release */,
			);
			defaultConfigurationIsVisible = 0;
			defaultConfigurationName = Release;
		};
		84D0934F1C133335000D8102 /* Build configuration list for PBXNativeTarget "RealtimeRendering" */ = {
			isa = XCConfigurationList;
			buildConfigurations = (
				84D093501C133335000D8102 /* Debug */,
				84D093511C133335000D8102 /* Release */,
			);
			defaultConfigurationIsVisible = 0;
		};
/* End XCConfigurationList section */
	};
	rootObject = 84D093351C133335000D8102 /* Project object */;
}
